
Microsoft Visual Studio Solution File, Format Version 12.00
# Visual Studio 15
VisualStudioVersion = 15.0.27130.2026
MinimumVisualStudioVersion = 10.0.40219.1
Project("{FAE04EC0-301F-11D3-BF4B-00C04F79EFBC}") = "SerilogEnricherCollection", "SerilogEnricherCollection\SerilogEnricherCollection.csproj", "{3F11443A-0BC8-48CC-A77B-8A426643EF61}"
EndProject
Project("{FAE04EC0-301F-11D3-BF4B-00C04F79EFBC}") = "SerilogEnricherCollectionTests", "SerilogEnricherCollectionTests\SerilogEnricherCollectionTests.csproj", "{194694CA-F222-4314-9AD0-6E12541BDC65}"
EndProject
Global
	GlobalSection(SolutionConfigurationPlatforms) = preSolution
		Debug|Any CPU = Debug|Any CPU
		Release|Any CPU = Release|Any CPU
	EndGlobalSection
	GlobalSection(ProjectConfigurationPlatforms) = postSolution
		{3F11443A-0BC8-48CC-A77B-8A426643EF61}.Debug|Any CPU.ActiveCfg = Debug|Any CPU
		{3F11443A-0BC8-48CC-A77B-8A426643EF61}.Debug|Any CPU.Build.0 = Debug|Any CPU
		{3F11443A-0BC8-48CC-A77B-8A426643EF61}.Release|Any CPU.ActiveCfg = Release|Any CPU
		{3F11443A-0BC8-48CC-A77B-8A426643EF61}.Release|Any CPU.Build.0 = Release|Any CPU
		{194694CA-F222-4314-9AD0-6E12541BDC65}.Debug|Any CPU.ActiveCfg = Debug|Any CPU
		{194694CA-F222-4314-9AD0-6E12541BDC65}.Debug|Any CPU.Build.0 = Debug|Any CPU
		{194694CA-F222-4314-9AD0-6E12541BDC65}.Release|Any CPU.ActiveCfg = Release|Any CPU
		{194694CA-F222-4314-9AD0-6E12541BDC65}.Release|Any CPU.Build.0 = Release|Any CPU
	EndGlobalSection
	GlobalSection(SolutionProperties) = preSolution
		HideSolutionNode = FALSE
	EndGlobalSection
	GlobalSection(ExtensibilityGlobals) = postSolution
		SolutionGuid = {718DA107-77CE-4F1B-908A-61EC892346F9}
	EndGlobalSection
EndGlobal
